
Microsoft Visual Studio Solution File, Format Version 12.00
# Visual Studio Version 16
VisualStudioVersion = 16.0.29326.143
MinimumVisualStudioVersion = 10.0.40219.1
Project("{FAE04EC0-301F-11D3-BF4B-00C04F79EFBC}") = "TechnicalAssess", "TechnicalAssess\TechnicalAssess.csproj", "{904F27B1-E5FB-44DA-97C4-EABE4F3BEB7B}"
EndProject
Global
	GlobalSection(SolutionConfigurationPlatforms) = preSolution
		Debug|Any CPU = Debug|Any CPU
		Release|Any CPU = Release|Any CPU
	EndGlobalSection
	GlobalSection(ProjectConfigurationPlatforms) = postSolution
		{904F27B1-E5FB-44DA-97C4-EABE4F3BEB7B}.Debug|Any CPU.ActiveCfg = Debug|Any CPU
		{904F27B1-E5FB-44DA-97C4-EABE4F3BEB7B}.Debug|Any CPU.Build.0 = Debug|Any CPU
		{904F27B1-E5FB-44DA-97C4-EABE4F3BEB7B}.Release|Any CPU.ActiveCfg = Release|Any CPU
		{904F27B1-E5FB-44DA-97C4-EABE4F3BEB7B}.Release|Any CPU.Build.0 = Release|Any CPU
	EndGlobalSection
	GlobalSection(SolutionProperties) = preSolution
		HideSolutionNode = FALSE
	EndGlobalSection
	GlobalSection(ExtensibilityGlobals) = postSolution
		SolutionGuid = {F9EB81E8-8750-46A3-98A6-2475F89DF7D5}
	EndGlobalSection
EndGlobal
